PODS:
  - Realm (0.97.0):
    - Realm/Headers (= 0.97.0)
  - Realm/Headers (0.97.0)
  - RealmSwift (0.97.0):
    - Realm (= 0.97.0)
  - SSZipArchive (1.0.1)

DEPENDENCIES:
  - RealmSwift
  - SSZipArchive (~> 1.0)

SPEC CHECKSUMS:
  Realm: b498a6fb9d288b171ff98d0e2d4384c295be8990
  RealmSwift: d014810dec75c9a3f1a33926d2dabfed855c582c
  SSZipArchive: 5f30a0af2cb3d48c0ff83b1e18029f7041ac3c38

COCOAPODS: 0.39.0
