// !$*UTF8*$!
{
	archiveVersion = 1;
	classes = {
	};
	objectVersion = 46;
	objects = {

/* Begin PBXBuildFile section */
		1A924DE91E956F100E9747CF /* Pods.framework in Frameworks */ = {isa = PBXBuildFile; fileRef = 9E8ACF7C43B9BFF0B0235F8F /* Pods.framework */; settings = {ATTRIBUTES = (Weak, ); }; };
		ED1AACE71C427F10009B9F9F /* TLDRUITests.swift in Sources */ = {isa = PBXBuildFile; fileRef = ED1AACE61C427F10009B9F9F /* TLDRUITests.swift */; };
		ED1AACEF1C428093009B9F9F /* SnapshotHelper.swift in Sources */ = {isa = PBXBuildFile; fileRef = ED1AACEE1C428093009B9F9F /* SnapshotHelper.swift */; };
		ED269C311C414B1400BED358 /* TLDRTests.swift in Sources */ = {isa = PBXBuildFile; fileRef = ED269C301C414B1400BED358 /* TLDRTests.swift */; };
		ED269C431C41870300BED358 /* CommandRealm.swift in Sources */ = {isa = PBXBuildFile; fileRef = ED269C421C41870300BED358 /* CommandRealm.swift */; };
		ED4EC3541C3FA76500613214 /* MarkdownParser.swift in Sources */ = {isa = PBXBuildFile; fileRef = ED4EC3531C3FA76500613214 /* MarkdownParser.swift */; };
		EDB0818A1C3F70E8002BB783 /* AppDelegate.swift in Sources */ = {isa = PBXBuildFile; fileRef = EDB081891C3F70E8002BB783 /* AppDelegate.swift */; };
		EDB0818C1C3F70E8002BB783 /* ViewController.swift in Sources */ = {isa = PBXBuildFile; fileRef = EDB0818B1C3F70E8002BB783 /* ViewController.swift */; };
		EDB0818F1C3F70E8002BB783 /* Main.storyboard in Resources */ = {isa = PBXBuildFile; fileRef = EDB0818D1C3F70E8002BB783 /* Main.storyboard */; };
		EDB081911C3F70E8002BB783 /* Assets.xcassets in Resources */ = {isa = PBXBuildFile; fileRef = EDB081901C3F70E8002BB783 /* Assets.xcassets */; };
		EDB081941C3F70E8002BB783 /* LaunchScreen.storyboard in Resources */ = {isa = PBXBuildFile; fileRef = EDB081921C3F70E8002BB783 /* LaunchScreen.storyboard */; };
		EDB0819C1C3F8D6A002BB783 /* CommandHelper.swift in Sources */ = {isa = PBXBuildFile; fileRef = EDB0819B1C3F8D6A002BB783 /* CommandHelper.swift */; };
		EDF72B471C41493A00BF5067 /* tldr.bundle in Resources */ = {isa = PBXBuildFile; fileRef = EDF72B461C41493A00BF5067 /* tldr.bundle */; };
/* End PBXBuildFile section */

/* Begin PBXBuildRule section */
		ED1AACDE1C4265FC009B9F9F /* PBXBuildRule */ = {
			isa = PBXBuildRule;
			compilerSpec = com.apple.compilers.proxy.script;
			fileType = pattern.proxy;
			isEditable = 1;
			outputFiles = (
			);
			script = "";
		};
/* End PBXBuildRule section */

/* Begin PBXContainerItemProxy section */
		ED1AACE91C427F10009B9F9F /* PBXContainerItemProxy */ = {
			isa = PBXContainerItemProxy;
			containerPortal = EDB0817E1C3F70E8002BB783 /* Project object */;
			proxyType = 1;
			remoteGlobalIDString = EDB081851C3F70E8002BB783;
			remoteInfo = TLDR;
		};
		ED269C331C414B1400BED358 /* PBXContainerItemProxy */ = {
			isa = PBXContainerItemProxy;
			containerPortal = EDB0817E1C3F70E8002BB783 /* Project object */;
			proxyType = 1;
			remoteGlobalIDString = EDB081851C3F70E8002BB783;
			remoteInfo = TLDR;
		};
/* End PBXContainerItemProxy section */

/* Begin PBXFileReference section */
		9E8ACF7C43B9BFF0B0235F8F /* Pods.framework */ = {isa = PBXFileReference; explicitFileType = wrapper.framework; includeInIndex = 0; path = Pods.framework; sourceTree = BUILT_PRODUCTS_DIR; };
		BC706F10FDA7F86B0D3249C8 /* Pods.debug.xcconfig */ = {isa = PBXFileReference; includeInIndex = 1; lastKnownFileType = text.xcconfig; name = Pods.debug.xcconfig; path = "Pods/Target Support Files/Pods/Pods.debug.xcconfig"; sourceTree = "<group>"; };
		E579B7D4846F39B201D66542 /* Pods.release.xcconfig */ = {isa = PBXFileReference; includeInIndex = 1; lastKnownFileType = text.xcconfig; name = Pods.release.xcconfig; path = "Pods/Target Support Files/Pods/Pods.release.xcconfig"; sourceTree = "<group>"; };
		ED1AACE41C427F10009B9F9F /* TLDRUITests.xctest */ = {isa = PBXFileReference; explicitFileType = wrapper.cfbundle; includeInIndex = 0; path = TLDRUITests.xctest; sourceTree = BUILT_PRODUCTS_DIR; };
		ED1AACE61C427F10009B9F9F /* TLDRUITests.swift */ = {isa = PBXFileReference; lastKnownFileType = sourcecode.swift; path = TLDRUITests.swift; sourceTree = "<group>"; };
		ED1AACE81C427F10009B9F9F /* Info.plist */ = {isa = PBXFileReference; lastKnownFileType = text.plist.xml; path = Info.plist; sourceTree = "<group>"; };
		ED1AACEE1C428093009B9F9F /* SnapshotHelper.swift */ = {isa = PBXFileReference; fileEncoding = 4; lastKnownFileType = sourcecode.swift; name = SnapshotHelper.swift; path = fastlane/SnapshotHelper.swift; sourceTree = SOURCE_ROOT; };
		ED269C2E1C414B1400BED358 /* TLDRTests.xctest */ = {isa = PBXFileReference; explicitFileType = wrapper.cfbundle; includeInIndex = 0; path = TLDRTests.xctest; sourceTree = BUILT_PRODUCTS_DIR; };
		ED269C301C414B1400BED358 /* TLDRTests.swift */ = {isa = PBXFileReference; lastKnownFileType = sourcecode.swift; path = TLDRTests.swift; sourceTree = "<group>"; };
		ED269C321C414B1400BED358 /* Info.plist */ = {isa = PBXFileReference; lastKnownFileType = text.plist.xml; path = Info.plist; sourceTree = "<group>"; };
		ED269C421C41870300BED358 /* CommandRealm.swift */ = {isa = PBXFileReference; fileEncoding = 4; lastKnownFileType = sourcecode.swift; path = CommandRealm.swift; sourceTree = "<group>"; };
		ED269C451C4195CF00BED358 /* libcommonCrypto.tbd */ = {isa = PBXFileReference; lastKnownFileType = "sourcecode.text-based-dylib-definition"; name = libcommonCrypto.tbd; path = usr/lib/system/libcommonCrypto.tbd; sourceTree = SDKROOT; };
		ED4EC3531C3FA76500613214 /* MarkdownParser.swift */ = {isa = PBXFileReference; fileEncoding = 4; lastKnownFileType = sourcecode.swift; path = MarkdownParser.swift; sourceTree = "<group>"; };
		EDB081861C3F70E8002BB783 /* TLDR.app */ = {isa = PBXFileReference; explicitFileType = wrapper.application; includeInIndex = 0; path = TLDR.app; sourceTree = BUILT_PRODUCTS_DIR; };
		EDB081891C3F70E8002BB783 /* AppDelegate.swift */ = {isa = PBXFileReference; lastKnownFileType = sourcecode.swift; path = AppDelegate.swift; sourceTree = "<group>"; };
		EDB0818B1C3F70E8002BB783 /* ViewController.swift */ = {isa = PBXFileReference; lastKnownFileType = sourcecode.swift; path = ViewController.swift; sourceTree = "<group>"; };
		EDB0818E1C3F70E8002BB783 /* Base */ = {isa = PBXFileReference; lastKnownFileType = file.storyboard; name = Base; path = Base.lproj/Main.storyboard; sourceTree = "<group>"; };
		EDB081901C3F70E8002BB783 /* Assets.xcassets */ = {isa = PBXFileReference; lastKnownFileType = folder.assetcatalog; path = Assets.xcassets; sourceTree = "<group>"; };
		EDB081931C3F70E8002BB783 /* Base */ = {isa = PBXFileReference; lastKnownFileType = file.storyboard; name = Base; path = Base.lproj/LaunchScreen.storyboard; sourceTree = "<group>"; };
		EDB081951C3F70E8002BB783 /* Info.plist */ = {isa = PBXFileReference; lastKnownFileType = text.plist.xml; path = Info.plist; sourceTree = "<group>"; };
		EDB0819B1C3F8D6A002BB783 /* CommandHelper.swift */ = {isa = PBXFileReference; fileEncoding = 4; lastKnownFileType = sourcecode.swift; path = CommandHelper.swift; sourceTree = "<group>"; };
		EDF72B461C41493A00BF5067 /* tldr.bundle */ = {isa = PBXFileReference; lastKnownFileType = "wrapper.plug-in"; path = tldr.bundle; sourceTree = "<group>"; };
/* End PBXFileReference section */

/* Begin PBXFrameworksBuildPhase section */
		ED1AACE11C427F10009B9F9F /* Frameworks */ = {
			isa = PBXFrameworksBuildPhase;
			buildActionMask = 2147483647;
			files = (
			);
			runOnlyForDeploymentPostprocessing = 0;
		};
		ED269C2B1C414B1400BED358 /* Frameworks */ = {
			isa = PBXFrameworksBuildPhase;
			buildActionMask = 2147483647;
			files = (
			);
			runOnlyForDeploymentPostprocessing = 0;
		};
		EDB081831C3F70E8002BB783 /* Frameworks */ = {
			isa = PBXFrameworksBuildPhase;
			buildActionMask = 2147483647;
			files = (
				1A924DE91E956F100E9747CF /* Pods.framework in Frameworks */,
			);
			runOnlyForDeploymentPostprocessing = 0;
		};
/* End PBXFrameworksBuildPhase section */

/* Begin PBXGroup section */
		E43CAF18CDFE940A409404C6 /* Pods */ = {
			isa = PBXGroup;
			children = (
				BC706F10FDA7F86B0D3249C8 /* Pods.debug.xcconfig */,
				E579B7D4846F39B201D66542 /* Pods.release.xcconfig */,
			);
			name = Pods;
			sourceTree = "<group>";
		};
		EA39B605F5CD8DF8ACE9901F /* Frameworks */ = {
			isa = PBXGroup;
			children = (
				ED269C451C4195CF00BED358 /* libcommonCrypto.tbd */,
				9E8ACF7C43B9BFF0B0235F8F /* Pods.framework */,
			);
			name = Frameworks;
			sourceTree = "<group>";
		};
		ED1AACE51C427F10009B9F9F /* TLDRUITests */ = {
			isa = PBXGroup;
			children = (
				ED1AACEE1C428093009B9F9F /* SnapshotHelper.swift */,
				ED1AACE61C427F10009B9F9F /* TLDRUITests.swift */,
				ED1AACE81C427F10009B9F9F /* Info.plist */,
			);
			path = TLDRUITests;
			sourceTree = "<group>";
		};
		ED269C2F1C414B1400BED358 /* TLDRTests */ = {
			isa = PBXGroup;
			children = (
				ED269C301C414B1400BED358 /* TLDRTests.swift */,
				ED269C321C414B1400BED358 /* Info.plist */,
			);
			path = TLDRTests;
			sourceTree = "<group>";
		};
		EDB0817D1C3F70E8002BB783 = {
			isa = PBXGroup;
			children = (
				EDB081881C3F70E8002BB783 /* TLDR */,
				ED269C2F1C414B1400BED358 /* TLDRTests */,
				ED1AACE51C427F10009B9F9F /* TLDRUITests */,
				EDB081871C3F70E8002BB783 /* Products */,
				E43CAF18CDFE940A409404C6 /* Pods */,
				EA39B605F5CD8DF8ACE9901F /* Frameworks */,
			);
			sourceTree = "<group>";
		};
		EDB081871C3F70E8002BB783 /* Products */ = {
			isa = PBXGroup;
			children = (
				EDB081861C3F70E8002BB783 /* TLDR.app */,
				ED269C2E1C414B1400BED358 /* TLDRTests.xctest */,
				ED1AACE41C427F10009B9F9F /* TLDRUITests.xctest */,
			);
			name = Products;
			sourceTree = "<group>";
		};
		EDB081881C3F70E8002BB783 /* TLDR */ = {
			isa = PBXGroup;
			children = (
				EDB081891C3F70E8002BB783 /* AppDelegate.swift */,
				EDB0818B1C3F70E8002BB783 /* ViewController.swift */,
				EDB0819B1C3F8D6A002BB783 /* CommandHelper.swift */,
				ED269C421C41870300BED358 /* CommandRealm.swift */,
				ED4EC3531C3FA76500613214 /* MarkdownParser.swift */,
				EDB0818D1C3F70E8002BB783 /* Main.storyboard */,
				EDB081901C3F70E8002BB783 /* Assets.xcassets */,
				EDB081921C3F70E8002BB783 /* LaunchScreen.storyboard */,
				EDB081951C3F70E8002BB783 /* Info.plist */,
				EDF72B461C41493A00BF5067 /* tldr.bundle */,
			);
			path = TLDR;
			sourceTree = "<group>";
		};
/* End PBXGroup section */

/* Begin PBXNativeTarget section */
		ED1AACE31C427F10009B9F9F /* TLDRUITests */ = {
			isa = PBXNativeTarget;
			buildConfigurationList = ED1AACEB1C427F10009B9F9F /* Build configuration list for PBXNativeTarget "TLDRUITests" */;
			buildPhases = (
				ED1AACE01C427F10009B9F9F /* Sources */,
				ED1AACE11C427F10009B9F9F /* Frameworks */,
				ED1AACE21C427F10009B9F9F /* Resources */,
			);
			buildRules = (
			);
			dependencies = (
				ED1AACEA1C427F10009B9F9F /* PBXTargetDependency */,
			);
			name = TLDRUITests;
			productName = TLDRUITests;
			productReference = ED1AACE41C427F10009B9F9F /* TLDRUITests.xctest */;
			productType = "com.apple.product-type.bundle.ui-testing";
		};
		ED269C2D1C414B1400BED358 /* TLDRTests */ = {
			isa = PBXNativeTarget;
			buildConfigurationList = ED269C351C414B1400BED358 /* Build configuration list for PBXNativeTarget "TLDRTests" */;
			buildPhases = (
				ED269C2A1C414B1400BED358 /* Sources */,
				ED269C2B1C414B1400BED358 /* Frameworks */,
				ED269C2C1C414B1400BED358 /* Resources */,
			);
			buildRules = (
			);
			dependencies = (
				ED269C341C414B1400BED358 /* PBXTargetDependency */,
			);
			name = TLDRTests;
			productName = TLDRTests;
			productReference = ED269C2E1C414B1400BED358 /* TLDRTests.xctest */;
			productType = "com.apple.product-type.bundle.unit-test";
		};
		EDB081851C3F70E8002BB783 /* TLDR */ = {
			isa = PBXNativeTarget;
			buildConfigurationList = EDB081981C3F70E8002BB783 /* Build configuration list for PBXNativeTarget "TLDR" */;
			buildPhases = (
				EBA968124F36F685F4012A23 /* Check Pods Manifest.lock */,
				EDB081821C3F70E8002BB783 /* Sources */,
				EDB081831C3F70E8002BB783 /* Frameworks */,
				EDB081841C3F70E8002BB783 /* Resources */,
				67CE391469199B24DA77CD8A /* Embed Pods Frameworks */,
				871FFF9139FE7AE8A4E5DE3E /* Copy Pods Resources */,
				ED1AACDF1C426619009B9F9F /* ShellScript */,
			);
			buildRules = (
				ED1AACDE1C4265FC009B9F9F /* PBXBuildRule */,
			);
			dependencies = (
			);
			name = TLDR;
			productName = TLDR;
			productReference = EDB081861C3F70E8002BB783 /* TLDR.app */;
			productType = "com.apple.product-type.application";
		};
/* End PBXNativeTarget section */

/* Begin PBXProject section */
		EDB0817E1C3F70E8002BB783 /* Project object */ = {
			isa = PBXProject;
			attributes = {
				LastSwiftUpdateCheck = 0720;
				LastUpgradeCheck = 0720;
				ORGANIZATIONNAME = "Suraj Pathak";
				TargetAttributes = {
					ED1AACE31C427F10009B9F9F = {
						CreatedOnToolsVersion = 7.2;
						TestTargetID = EDB081851C3F70E8002BB783;
					};
					ED269C2D1C414B1400BED358 = {
						CreatedOnToolsVersion = 7.2;
						TestTargetID = EDB081851C3F70E8002BB783;
					};
					EDB081851C3F70E8002BB783 = {
						CreatedOnToolsVersion = 7.2;
					};
				};
			};
			buildConfigurationList = EDB081811C3F70E8002BB783 /* Build configuration list for PBXProject "TLDR" */;
			compatibilityVersion = "Xcode 3.2";
			developmentRegion = English;
			hasScannedForEncodings = 0;
			knownRegions = (
				en,
				Base,
			);
			mainGroup = EDB0817D1C3F70E8002BB783;
			productRefGroup = EDB081871C3F70E8002BB783 /* Products */;
			projectDirPath = "";
			projectRoot = "";
			targets = (
				EDB081851C3F70E8002BB783 /* TLDR */,
				ED269C2D1C414B1400BED358 /* TLDRTests */,
				ED1AACE31C427F10009B9F9F /* TLDRUITests */,
			);
		};
/* End PBXProject section */

/* Begin PBXResourcesBuildPhase section */
		ED1AACE21C427F10009B9F9F /* Resources */ = {
			isa = PBXResourcesBuildPhase;
			buildActionMask = 2147483647;
			files = (
			);
			runOnlyForDeploymentPostprocessing = 0;
		};
		ED269C2C1C414B1400BED358 /* Resources */ = {
			isa = PBXResourcesBuildPhase;
			buildActionMask = 2147483647;
			files = (
			);
			runOnlyForDeploymentPostprocessing = 0;
		};
		EDB081841C3F70E8002BB783 /* Resources */ = {
			isa = PBXResourcesBuildPhase;
			buildActionMask = 2147483647;
			files = (
				EDB081941C3F70E8002BB783 /* LaunchScreen.storyboard in Resources */,
				EDB081911C3F70E8002BB783 /* Assets.xcassets in Resources */,
				EDB0818F1C3F70E8002BB783 /* Main.storyboard in Resources */,
				EDF72B471C41493A00BF5067 /* tldr.bundle in Resources */,
			);
			runOnlyForDeploymentPostprocessing = 0;
		};
/* End PBXResourcesBuildPhase section */

/* Begin PBXShellScriptBuildPhase section */
		67CE391469199B24DA77CD8A /* Embed Pods Frameworks */ = {
			isa = PBXShellScriptBuildPhase;
			buildActionMask = 2147483647;
			files = (
			);
			inputPaths = (
			);
			name = "Embed Pods Frameworks";
			outputPaths = (
			);
			runOnlyForDeploymentPostprocessing = 0;
			shellPath = /bin/sh;
			shellScript = "\"${SRCROOT}/Pods/Target Support Files/Pods/Pods-frameworks.sh\"\n";
			showEnvVarsInLog = 0;
		};
		871FFF9139FE7AE8A4E5DE3E /* Copy Pods Resources */ = {
			isa = PBXShellScriptBuildPhase;
			buildActionMask = 2147483647;
			files = (
			);
			inputPaths = (
			);
			name = "Copy Pods Resources";
			outputPaths = (
			);
			runOnlyForDeploymentPostprocessing = 0;
			shellPath = /bin/sh;
			shellScript = "\"${SRCROOT}/Pods/Target Support Files/Pods/Pods-resources.sh\"\n";
			showEnvVarsInLog = 0;
		};
		EBA968124F36F685F4012A23 /* Check Pods Manifest.lock */ = {
			isa = PBXShellScriptBuildPhase;
			buildActionMask = 2147483647;
			files = (
			);
			inputPaths = (
			);
			name = "Check Pods Manifest.lock";
			outputPaths = (
			);
			runOnlyForDeploymentPostprocessing = 0;
			shellPath = /bin/sh;
			shellScript = "diff \"${PODS_ROOT}/../Podfile.lock\" \"${PODS_ROOT}/Manifest.lock\" > /dev/null\nif [[ $? != 0 ]] ; then\n    cat << EOM\nerror: The sandbox is not in sync with the Podfile.lock. Run 'pod install' or update your CocoaPods installation.\nEOM\n    exit 1\nfi\n";
			showEnvVarsInLog = 0;
		};
		ED1AACDF1C426619009B9F9F /* ShellScript */ = {
			isa = PBXShellScriptBuildPhase;
			buildActionMask = 2147483647;
			files = (
			);
			inputPaths = (
			);
			outputPaths = (
			);
			runOnlyForDeploymentPostprocessing = 0;
			shellPath = /bin/sh;
			shellScript = "if which swiftlint >/dev/null; then\nswiftlint\nelse\necho \"SwiftLint does not exist, download from https://github.com/realm/SwiftLint\"\nfi";
		};
/* End PBXShellScriptBuildPhase section */

/* Begin PBXSourcesBuildPhase section */
		ED1AACE01C427F10009B9F9F /* Sources */ = {
			isa = PBXSourcesBuildPhase;
			buildActionMask = 2147483647;
			files = (
				ED1AACE71C427F10009B9F9F /* TLDRUITests.swift in Sources */,
				ED1AACEF1C428093009B9F9F /* SnapshotHelper.swift in Sources */,
			);
			runOnlyForDeploymentPostprocessing = 0;
		};
		ED269C2A1C414B1400BED358 /* Sources */ = {
			isa = PBXSourcesBuildPhase;
			buildActionMask = 2147483647;
			files = (
				ED269C311C414B1400BED358 /* TLDRTests.swift in Sources */,
			);
			runOnlyForDeploymentPostprocessing = 0;
		};
		EDB081821C3F70E8002BB783 /* Sources */ = {
			isa = PBXSourcesBuildPhase;
			buildActionMask = 2147483647;
			files = (
				ED4EC3541C3FA76500613214 /* MarkdownParser.swift in Sources */,
				EDB0819C1C3F8D6A002BB783 /* CommandHelper.swift in Sources */,
				ED269C431C41870300BED358 /* CommandRealm.swift in Sources */,
				EDB0818C1C3F70E8002BB783 /* ViewController.swift in Sources */,
				EDB0818A1C3F70E8002BB783 /* AppDelegate.swift in Sources */,
			);
			runOnlyForDeploymentPostprocessing = 0;
		};
/* End PBXSourcesBuildPhase section */

/* Begin PBXTargetDependency section */
		ED1AACEA1C427F10009B9F9F /* PBXTargetDependency */ = {
			isa = PBXTargetDependency;
			target = EDB081851C3F70E8002BB783 /* TLDR */;
			targetProxy = ED1AACE91C427F10009B9F9F /* PBXContainerItemProxy */;
		};
		ED269C341C414B1400BED358 /* PBXTargetDependency */ = {
			isa = PBXTargetDependency;
			target = EDB081851C3F70E8002BB783 /* TLDR */;
			targetProxy = ED269C331C414B1400BED358 /* PBXContainerItemProxy */;
		};
/* End PBXTargetDependency section */

/* Begin PBXVariantGroup section */
		EDB0818D1C3F70E8002BB783 /* Main.storyboard */ = {
			isa = PBXVariantGroup;
			children = (
				EDB0818E1C3F70E8002BB783 /* Base */,
			);
			name = Main.storyboard;
			sourceTree = "<group>";
		};
		EDB081921C3F70E8002BB783 /* LaunchScreen.storyboard */ = {
			isa = PBXVariantGroup;
			children = (
				EDB081931C3F70E8002BB783 /* Base */,
			);
			name = LaunchScreen.storyboard;
			sourceTree = "<group>";
		};
/* End PBXVariantGroup section */

/* Begin XCBuildConfiguration section */
		ED1AACEC1C427F10009B9F9F /* Debug */ = {
			isa = XCBuildConfiguration;
			buildSettings = {
				INFOPLIST_FILE = TLDRUITests/Info.plist;
				LD_RUNPATH_SEARCH_PATHS = "$(inherited) @executable_path/Frameworks @loader_path/Frameworks";
				PRODUCT_BUNDLE_IDENTIFIER = com.suraj.TLDRUITests;
				PRODUCT_NAME = "$(TARGET_NAME)";
				TEST_TARGET_NAME = TLDR;
				USES_XCTRUNNER = YES;
			};
			name = Debug;
		};
		ED1AACED1C427F10009B9F9F /* Release */ = {
			isa = XCBuildConfiguration;
			buildSettings = {
				INFOPLIST_FILE = TLDRUITests/Info.plist;
				LD_RUNPATH_SEARCH_PATHS = "$(inherited) @executable_path/Frameworks @loader_path/Frameworks";
				PRODUCT_BUNDLE_IDENTIFIER = com.suraj.TLDRUITests;
				PRODUCT_NAME = "$(TARGET_NAME)";
				TEST_TARGET_NAME = TLDR;
				USES_XCTRUNNER = YES;
			};
			name = Release;
		};
		ED269C361C414B1400BED358 /* Debug */ = {
			isa = XCBuildConfiguration;
			buildSettings = {
				BUNDLE_LOADER = "$(TEST_HOST)";
				INFOPLIST_FILE = TLDRTests/Info.plist;
				LD_RUNPATH_SEARCH_PATHS = "$(inherited) @executable_path/Frameworks @loader_path/Frameworks";
				PRODUCT_BUNDLE_IDENTIFIER = com.suraj.TLDRTests;
				PRODUCT_NAME = "$(TARGET_NAME)";
				SWIFT_INCLUDE_PATHS = "";
				TEST_HOST = "$(BUILT_PRODUCTS_DIR)/TLDR.app/TLDR";
			};
			name = Debug;
		};
		ED269C371C414B1400BED358 /* Release */ = {
			isa = XCBuildConfiguration;
			buildSettings = {
				BUNDLE_LOADER = "$(TEST_HOST)";
				INFOPLIST_FILE = TLDRTests/Info.plist;
				LD_RUNPATH_SEARCH_PATHS = "$(inherited) @executable_path/Frameworks @loader_path/Frameworks";
				PRODUCT_BUNDLE_IDENTIFIER = com.suraj.TLDRTests;
				PRODUCT_NAME = "$(TARGET_NAME)";
				SWIFT_INCLUDE_PATHS = "";
				TEST_HOST = "$(BUILT_PRODUCTS_DIR)/TLDR.app/TLDR";
			};
			name = Release;
		};
		EDB081961C3F70E8002BB783 /* Debug */ = {
			isa = XCBuildConfiguration;
			buildSettings = {
				ALWAYS_SEARCH_USER_PATHS = NO;
				CLANG_CXX_LANGUAGE_STANDARD = "gnu++0x";
				CLANG_CXX_LIBRARY = "libc++";
				CLANG_ENABLE_MODULES = YES;
				CLANG_ENABLE_OBJC_ARC = YES;
				CLANG_WARN_BOOL_CONVERSION = YES;
				CLANG_WARN_CONSTANT_CONVERSION = YES;
				CLANG_WARN_DIRECT_OBJC_ISA_USAGE = YES_ERROR;
				CLANG_WARN_EMPTY_BODY = YES;
				CLANG_WARN_ENUM_CONVERSION = YES;
				CLANG_WARN_INT_CONVERSION = YES;
				CLANG_WARN_OBJC_ROOT_CLASS = YES_ERROR;
				CLANG_WARN_UNREACHABLE_CODE = YES;
				CLANG_WARN__DUPLICATE_METHOD_MATCH = YES;
				"CODE_SIGN_IDENTITY[sdk=iphoneos*]" = "iPhone Developer";
				COPY_PHASE_STRIP = NO;
				DEBUG_INFORMATION_FORMAT = dwarf;
				ENABLE_STRICT_OBJC_MSGSEND = YES;
				ENABLE_TESTABILITY = YES;
				GCC_C_LANGUAGE_STANDARD = gnu99;
				GCC_DYNAMIC_NO_PIC = NO;
				GCC_NO_COMMON_BLOCKS = YES;
				GCC_OPTIMIZATION_LEVEL = 0;
				GCC_PREPROCESSOR_DEFINITIONS = (
					"DEBUG=1",
					"$(inherited)",
				);
				GCC_WARN_64_TO_32_BIT_CONVERSION = YES;
				GCC_WARN_ABOUT_RETURN_TYPE = YES_ERROR;
				GCC_WARN_UNDECLARED_SELECTOR = YES;
				GCC_WARN_UNINITIALIZED_AUTOS = YES_AGGRESSIVE;
				GCC_WARN_UNUSED_FUNCTION = YES;
				GCC_WARN_UNUSED_VARIABLE = YES;
				IPHONEOS_DEPLOYMENT_TARGET = 9.2;
				MTL_ENABLE_DEBUG_INFO = YES;
				ONLY_ACTIVE_ARCH = YES;
				SDKROOT = iphoneos;
				SWIFT_OPTIMIZATION_LEVEL = "-Onone";
				TARGETED_DEVICE_FAMILY = "1,2";
			};
			name = Debug;
		};
		EDB081971C3F70E8002BB783 /* Release */ = {
			isa = XCBuildConfiguration;
			buildSettings = {
				ALWAYS_SEARCH_USER_PATHS = NO;
				CLANG_CXX_LANGUAGE_STANDARD = "gnu++0x";
				CLANG_CXX_LIBRARY = "libc++";
				CLANG_ENABLE_MODULES = YES;
				CLANG_ENABLE_OBJC_ARC = YES;
				CLANG_WARN_BOOL_CONVERSION = YES;
				CLANG_WARN_CONSTANT_CONVERSION = YES;
				CLANG_WARN_DIRECT_OBJC_ISA_USAGE = YES_ERROR;
				CLANG_WARN_EMPTY_BODY = YES;
				CLANG_WARN_ENUM_CONVERSION = YES;
				CLANG_WARN_INT_CONVERSION = YES;
				CLANG_WARN_OBJC_ROOT_CLASS = YES_ERROR;
				CLANG_WARN_UNREACHABLE_CODE = YES;
				CLANG_WARN__DUPLICATE_METHOD_MATCH = YES;
				"CODE_SIGN_IDENTITY[sdk=iphoneos*]" = "iPhone Developer";
				COPY_PHASE_STRIP = NO;
				DEBUG_INFORMATION_FORMAT = "dwarf-with-dsym";
				ENABLE_NS_ASSERTIONS = NO;
				ENABLE_STRICT_OBJC_MSGSEND = YES;
				GCC_C_LANGUAGE_STANDARD = gnu99;
				GCC_NO_COMMON_BLOCKS = YES;
				GCC_WARN_64_TO_32_BIT_CONVERSION = YES;
				GCC_WARN_ABOUT_RETURN_TYPE = YES_ERROR;
				GCC_WARN_UNDECLARED_SELECTOR = YES;
				GCC_WARN_UNINITIALIZED_AUTOS = YES_AGGRESSIVE;
				GCC_WARN_UNUSED_FUNCTION = YES;
				GCC_WARN_UNUSED_VARIABLE = YES;
				IPHONEOS_DEPLOYMENT_TARGET = 9.2;
				MTL_ENABLE_DEBUG_INFO = NO;
				SDKROOT = iphoneos;
				TARGETED_DEVICE_FAMILY = "1,2";
				VALIDATE_PRODUCT = YES;
			};
			name = Release;
		};
		EDB081991C3F70E8002BB783 /* Debug */ = {
			isa = XCBuildConfiguration;
			baseConfigurationReference = BC706F10FDA7F86B0D3249C8 /* Pods.debug.xcconfig */;
			buildSettings = {
				ASSETCATALOG_COMPILER_APPICON_NAME = AppIcon;
				CURRENT_PROJECT_VERSION = 9;
				INFOPLIST_FILE = TLDR/Info.plist;
				IPHONEOS_DEPLOYMENT_TARGET = 8.0;
				LD_RUNPATH_SEARCH_PATHS = "$(inherited) @executable_path/Frameworks";
				LIBRARY_SEARCH_PATHS = (
					"$(inherited)",
					"$(SDKROOT)/usr/lib/system",
				);
				PRODUCT_BUNDLE_IDENTIFIER = sg.com.propertyguru.TLDR;
				PRODUCT_NAME = "$(TARGET_NAME)";
				SWIFT_INCLUDE_PATHS = "$(SRCROOT)/$(PROJECT_NAME)/zlib";
				VERSIONING_SYSTEM = "apple-generic";
			};
			name = Debug;
		};
		EDB0819A1C3F70E8002BB783 /* Release */ = {
			isa = XCBuildConfiguration;
			baseConfigurationReference = E579B7D4846F39B201D66542 /* Pods.release.xcconfig */;
			buildSettings = {
				ASSETCATALOG_COMPILER_APPICON_NAME = AppIcon;
				CURRENT_PROJECT_VERSION = 9;
				INFOPLIST_FILE = TLDR/Info.plist;
				IPHONEOS_DEPLOYMENT_TARGET = 8.0;
				LD_RUNPATH_SEARCH_PATHS = "$(inherited) @executable_path/Frameworks";
				LIBRARY_SEARCH_PATHS = (
					"$(inherited)",
					"$(SDKROOT)/usr/lib/system",
				);
				PRODUCT_BUNDLE_IDENTIFIER = sg.com.propertyguru.TLDR;
				PRODUCT_NAME = "$(TARGET_NAME)";
				SWIFT_INCLUDE_PATHS = "$(SRCROOT)/$(PROJECT_NAME)/zlib";
				VERSIONING_SYSTEM = "apple-generic";
			};
			name = Release;
		};
/* End XCBuildConfiguration section */

/* Begin XCConfigurationList section */
		ED1AACEB1C427F10009B9F9F /* Build configuration list for PBXNativeTarget "TLDRUITests" */ = {
			isa = XCConfigurationList;
			buildConfigurations = (
				ED1AACEC1C427F10009B9F9F /* Debug */,
				ED1AACED1C427F10009B9F9F /* Release */,
			);
			defaultConfigurationIsVisible = 0;
			defaultConfigurationName = Release;
		};
		ED269C351C414B1400BED358 /* Build configuration list for PBXNativeTarget "TLDRTests" */ = {
			isa = XCConfigurationList;
			buildConfigurations = (
				ED269C361C414B1400BED358 /* Debug */,
				ED269C371C414B1400BED358 /* Release */,
			);
			defaultConfigurationIsVisible = 0;
			defaultConfigurationName = Release;
		};
		EDB081811C3F70E8002BB783 /* Build configuration list for PBXProject "TLDR" */ = {
			isa = XCConfigurationList;
			buildConfigurations = (
				EDB081961C3F70E8002BB783 /* Debug */,
				EDB081971C3F70E8002BB783 /* Release */,
			);
			defaultConfigurationIsVisible = 0;
			defaultConfigurationName = Release;
		};
		EDB081981C3F70E8002BB783 /* Build configuration list for PBXNativeTarget "TLDR" */ = {
			isa = XCConfigurationList;
			buildConfigurations = (
				EDB081991C3F70E8002BB783 /* Debug */,
				EDB0819A1C3F70E8002BB783 /* Release */,
			);
			defaultConfigurationIsVisible = 0;
			defaultConfigurationName = Release;
		};
/* End XCConfigurationList section */
	};
	rootObject = EDB0817E1C3F70E8002BB783 /* Project object */;
}
